
Microsoft Visual Studio Solution File, Format Version 12.00
# Visual Studio Version 18
VisualStudioVersion = 18.3.11520.95
MinimumVisualStudioVersion = 10.0.40219.1
Project("{FAE04EC0-301F-11D3-BF4B-00C04F79EFBC}") = "Nando.Aspire.Temporal", "src\Nando.Aspire.Temporal\Nando.Aspire.Temporal.csproj", "{5F90B900-76FB-A70C-81EF-4C364BFCE85F}"
EndProject
Project("{2150E333-8FDC-42A3-9474-1A3956D46DE8}") = "src", "src", "{B4F8E023-E87A-44EE-860A-B296678E5FB8}"
EndProject
Project("{2150E333-8FDC-42A3-9474-1A3956D46DE8}") = "sample", "sample", "{3ED72485-8040-421C-826E-B521291D7C57}"
EndProject
Project("{FAE04EC0-301F-11D3-BF4B-00C04F79EFBC}") = "AppHost.AppHost", "sample\AppHost\AppHost.AppHost\AppHost.AppHost.csproj", "{42602346-4E10-4A2D-8426-85D8E17929A3}"
EndProject
Project("{2150E333-8FDC-42A3-9474-1A3956D46DE8}") = "Solution Items", "Solution Items", "{F628BF34-C23F-4E1F-9644-95F80CBDE854}"
	ProjectSection(SolutionItems) = preProject
		.editorconfig = .editorconfig
		README.md = README.md
	EndProjectSection
EndProject
Project("{FAE04EC0-301F-11D3-BF4B-00C04F79EFBC}") = "SampleApi", "sample\Api\SampleApi.csproj", "{C90C99F5-5EEE-F8A7-D52D-545E306B1203}"
EndProject
Project("{FAE04EC0-301F-11D3-BF4B-00C04F79EFBC}") = "SampleWorker", "SampleWorker\SampleWorker.csproj", "{76596AF4-1277-4E0F-BC75-B6F3CAEB6527}"
EndProject
Project("{2150E333-8FDC-42A3-9474-1A3956D46DE8}") = "Scenarios", "Scenarios", "{717BA9D1-AAB9-E5A9-4026-255EDEF6B24E}"
EndProject
Project("{FAE04EC0-301F-11D3-BF4B-00C04F79EFBC}") = "DevServerCustomPorts.AppHost", "sample\Scenarios\DevServerCustomPorts\DevServerCustomPorts.AppHost.csproj", "{D0054CBF-7BB5-4BB7-BC83-3E8BBA533057}"
EndProject
Project("{FAE04EC0-301F-11D3-BF4B-00C04F79EFBC}") = "FullContainerStack.AppHost", "sample\Scenarios\FullContainerStack\FullContainerStack.AppHost.csproj", "{DDFB8EDC-BC5C-45B2-905D-C175B0579B20}"
EndProject
Project("{FAE04EC0-301F-11D3-BF4B-00C04F79EFBC}") = "TemporalCloud.AppHost", "sample\Scenarios\TemporalCloud\TemporalCloud.AppHost.csproj", "{3816CCA8-A698-4968-9FAE-B06D6307B927}"
EndProject
Project("{FAE04EC0-301F-11D3-BF4B-00C04F79EFBC}") = "EnvironmentSwitch.AppHost", "sample\Scenarios\EnvironmentSwitch\EnvironmentSwitch.AppHost.csproj", "{01A86F48-0074-4245-BF84-9B53BC35EDE9}"
EndProject
Project("{FAE04EC0-301F-11D3-BF4B-00C04F79EFBC}") = "CustomImageVersions.AppHost", "sample\Scenarios\CustomImageVersions\CustomImageVersions.AppHost.csproj", "{0757D5B2-2C78-4351-B97A-BCAEB03AACBD}"
EndProject
Project("{FAE04EC0-301F-11D3-BF4B-00C04F79EFBC}") = "MinimalWorkerOnly.AppHost", "sample\Scenarios\MinimalWorkerOnly\MinimalWorkerOnly.AppHost.csproj", "{B0094488-48C2-492E-99E9-EE2B93118D12}"
EndProject
Project("{FAE04EC0-301F-11D3-BF4B-00C04F79EFBC}") = "MultiScenario.AppHost", "sample\Scenarios\MultiScenario\MultiScenario.AppHost.csproj", "{A53AF19D-0C47-480A-BD9B-E7FF0E81618A}"
EndProject
Project("{2150E333-8FDC-42A3-9474-1A3956D46DE8}") = "tests", "tests", "{0AB3BF05-4346-4AA6-1389-037BE0695223}"
EndProject
Project("{FAE04EC0-301F-11D3-BF4B-00C04F79EFBC}") = "Nando.Aspire.Temporal.IntegrationTests", "tests\Nando.Aspire.Temporal.IntegrationTests\Nando.Aspire.Temporal.IntegrationTests.csproj", "{F74582B3-C71E-4BFD-8DC6-CCBA36A23D08}"
EndProject
Project("{FAE04EC0-301F-11D3-BF4B-00C04F79EFBC}") = "DevServer.AppHost", "sample\Scenarios\DevServer\DevServer.AppHost.csproj", "{EAD7C957-1F8A-00DC-EF42-F6F88D16BF8E}"
EndProject
Global
	GlobalSection(SolutionConfigurationPlatforms) = preSolution
		Debug|Any CPU = Debug|Any CPU
		Debug|x64 = Debug|x64
		Debug|x86 = Debug|x86
		Release|Any CPU = Release|Any CPU
		Release|x64 = Release|x64
		Release|x86 = Release|x86
	EndGlobalSection
	GlobalSection(ProjectConfigurationPlatforms) = postSolution
		{5F90B900-76FB-A70C-81EF-4C364BFCE85F}.Debug|Any CPU.ActiveCfg = Debug|Any CPU
		{5F90B900-76FB-A70C-81EF-4C364BFCE85F}.Debug|Any CPU.Build.0 = Debug|Any CPU
		{5F90B900-76FB-A70C-81EF-4C364BFCE85F}.Debug|x64.ActiveCfg = Debug|Any CPU
		{5F90B900-76FB-A70C-81EF-4C364BFCE85F}.Debug|x64.Build.0 = Debug|Any CPU
		{5F90B900-76FB-A70C-81EF-4C364BFCE85F}.Debug|x86.ActiveCfg = Debug|Any CPU
		{5F90B900-76FB-A70C-81EF-4C364BFCE85F}.Debug|x86.Build.0 = Debug|Any CPU
		{5F90B900-76FB-A70C-81EF-4C364BFCE85F}.Release|Any CPU.ActiveCfg = Release|Any CPU
		{5F90B900-76FB-A70C-81EF-4C364BFCE85F}.Release|Any CPU.Build.0 = Release|Any CPU
		{5F90B900-76FB-A70C-81EF-4C364BFCE85F}.Release|x64.ActiveCfg = Release|Any CPU
		{5F90B900-76FB-A70C-81EF-4C364BFCE85F}.Release|x64.Build.0 = Release|Any CPU
		{5F90B900-76FB-A70C-81EF-4C364BFCE85F}.Release|x86.ActiveCfg = Release|Any CPU
		{5F90B900-76FB-A70C-81EF-4C364BFCE85F}.Release|x86.Build.0 = Release|Any CPU
		{42602346-4E10-4A2D-8426-85D8E17929A3}.Debug|Any CPU.ActiveCfg = Debug|Any CPU
		{42602346-4E10-4A2D-8426-85D8E17929A3}.Debug|Any CPU.Build.0 = Debug|Any CPU
		{42602346-4E10-4A2D-8426-85D8E17929A3}.Debug|x64.ActiveCfg = Debug|Any CPU
		{42602346-4E10-4A2D-8426-85D8E17929A3}.Debug|x64.Build.0 = Debug|Any CPU
		{42602346-4E10-4A2D-8426-85D8E17929A3}.Debug|x86.ActiveCfg = Debug|Any CPU
		{42602346-4E10-4A2D-8426-85D8E17929A3}.Debug|x86.Build.0 = Debug|Any CPU
		{42602346-4E10-4A2D-8426-85D8E17929A3}.Release|Any CPU.ActiveCfg = Release|Any CPU
		{42602346-4E10-4A2D-8426-85D8E17929A3}.Release|Any CPU.Build.0 = Release|Any CPU
		{42602346-4E10-4A2D-8426-85D8E17929A3}.Release|x64.ActiveCfg = Release|Any CPU
		{42602346-4E10-4A2D-8426-85D8E17929A3}.Release|x64.Build.0 = Release|Any CPU
		{42602346-4E10-4A2D-8426-85D8E17929A3}.Release|x86.ActiveCfg = Release|Any CPU
		{42602346-4E10-4A2D-8426-85D8E17929A3}.Release|x86.Build.0 = Release|Any CPU
		{C90C99F5-5EEE-F8A7-D52D-545E306B1203}.Debug|Any CPU.ActiveCfg = Debug|Any CPU
		{C90C99F5-5EEE-F8A7-D52D-545E306B1203}.Debug|Any CPU.Build.0 = Debug|Any CPU
		{C90C99F5-5EEE-F8A7-D52D-545E306B1203}.Debug|x64.ActiveCfg = Debug|Any CPU
		{C90C99F5-5EEE-F8A7-D52D-545E306B1203}.Debug|x64.Build.0 = Debug|Any CPU
		{C90C99F5-5EEE-F8A7-D52D-545E306B1203}.Debug|x86.ActiveCfg = Debug|Any CPU
		{C90C99F5-5EEE-F8A7-D52D-545E306B1203}.Debug|x86.Build.0 = Debug|Any CPU
		{C90C99F5-5EEE-F8A7-D52D-545E306B1203}.Release|Any CPU.ActiveCfg = Release|Any CPU
		{C90C99F5-5EEE-F8A7-D52D-545E306B1203}.Release|Any CPU.Build.0 = Release|Any CPU
		{C90C99F5-5EEE-F8A7-D52D-545E306B1203}.Release|x64.ActiveCfg = Release|Any CPU
		{C90C99F5-5EEE-F8A7-D52D-545E306B1203}.Release|x64.Build.0 = Release|Any CPU
		{C90C99F5-5EEE-F8A7-D52D-545E306B1203}.Release|x86.ActiveCfg = Release|Any CPU
		{C90C99F5-5EEE-F8A7-D52D-545E306B1203}.Release|x86.Build.0 = Release|Any CPU
		{76596AF4-1277-4E0F-BC75-B6F3CAEB6527}.Debug|Any CPU.ActiveCfg = Debug|Any CPU
		{76596AF4-1277-4E0F-BC75-B6F3CAEB6527}.Debug|Any CPU.Build.0 = Debug|Any CPU
		{76596AF4-1277-4E0F-BC75-B6F3CAEB6527}.Debug|x64.ActiveCfg = Debug|Any CPU
		{76596AF4-1277-4E0F-BC75-B6F3CAEB6527}.Debug|x64.Build.0 = Debug|Any CPU
		{76596AF4-1277-4E0F-BC75-B6F3CAEB6527}.Debug|x86.ActiveCfg = Debug|Any CPU
		{76596AF4-1277-4E0F-BC75-B6F3CAEB6527}.Debug|x86.Build.0 = Debug|Any CPU
		{76596AF4-1277-4E0F-BC75-B6F3CAEB6527}.Release|Any CPU.ActiveCfg = Release|Any CPU
		{76596AF4-1277-4E0F-BC75-B6F3CAEB6527}.Release|Any CPU.Build.0 = Release|Any CPU
		{76596AF4-1277-4E0F-BC75-B6F3CAEB6527}.Release|x64.ActiveCfg = Release|Any CPU
		{76596AF4-1277-4E0F-BC75-B6F3CAEB6527}.Release|x64.Build.0 = Release|Any CPU
		{76596AF4-1277-4E0F-BC75-B6F3CAEB6527}.Release|x86.ActiveCfg = Release|Any CPU
		{76596AF4-1277-4E0F-BC75-B6F3CAEB6527}.Release|x86.Build.0 = Release|Any CPU
		{D0054CBF-7BB5-4BB7-BC83-3E8BBA533057}.Debug|Any CPU.ActiveCfg = Debug|Any CPU
		{D0054CBF-7BB5-4BB7-BC83-3E8BBA533057}.Debug|Any CPU.Build.0 = Debug|Any CPU
		{D0054CBF-7BB5-4BB7-BC83-3E8BBA533057}.Debug|x64.ActiveCfg = Debug|Any CPU
		{D0054CBF-7BB5-4BB7-BC83-3E8BBA533057}.Debug|x64.Build.0 = Debug|Any CPU
		{D0054CBF-7BB5-4BB7-BC83-3E8BBA533057}.Debug|x86.ActiveCfg = Debug|Any CPU
		{D0054CBF-7BB5-4BB7-BC83-3E8BBA533057}.Debug|x86.Build.0 = Debug|Any CPU
		{D0054CBF-7BB5-4BB7-BC83-3E8BBA533057}.Release|Any CPU.ActiveCfg = Release|Any CPU
		{D0054CBF-7BB5-4BB7-BC83-3E8BBA533057}.Release|Any CPU.Build.0 = Release|Any CPU
		{D0054CBF-7BB5-4BB7-BC83-3E8BBA533057}.Release|x64.ActiveCfg = Release|Any CPU
		{D0054CBF-7BB5-4BB7-BC83-3E8BBA533057}.Release|x64.Build.0 = Release|Any CPU
		{D0054CBF-7BB5-4BB7-BC83-3E8BBA533057}.Release|x86.ActiveCfg = Release|Any CPU
		{D0054CBF-7BB5-4BB7-BC83-3E8BBA533057}.Release|x86.Build.0 = Release|Any CPU
		{DDFB8EDC-BC5C-45B2-905D-C175B0579B20}.Debug|Any CPU.ActiveCfg = Debug|Any CPU
		{DDFB8EDC-BC5C-45B2-905D-C175B0579B20}.Debug|Any CPU.Build.0 = Debug|Any CPU
		{DDFB8EDC-BC5C-45B2-905D-C175B0579B20}.Debug|x64.ActiveCfg = Debug|Any CPU
		{DDFB8EDC-BC5C-45B2-905D-C175B0579B20}.Debug|x64.Build.0 = Debug|Any CPU
		{DDFB8EDC-BC5C-45B2-905D-C175B0579B20}.Debug|x86.ActiveCfg = Debug|Any CPU
		{DDFB8EDC-BC5C-45B2-905D-C175B0579B20}.Debug|x86.Build.0 = Debug|Any CPU
		{DDFB8EDC-BC5C-45B2-905D-C175B0579B20}.Release|Any CPU.ActiveCfg = Release|Any CPU
		{DDFB8EDC-BC5C-45B2-905D-C175B0579B20}.Release|Any CPU.Build.0 = Release|Any CPU
		{DDFB8EDC-BC5C-45B2-905D-C175B0579B20}.Release|x64.ActiveCfg = Release|Any CPU
		{DDFB8EDC-BC5C-45B2-905D-C175B0579B20}.Release|x64.Build.0 = Release|Any CPU
		{DDFB8EDC-BC5C-45B2-905D-C175B0579B20}.Release|x86.ActiveCfg = Release|Any CPU
		{DDFB8EDC-BC5C-45B2-905D-C175B0579B20}.Release|x86.Build.0 = Release|Any CPU
		{3816CCA8-A698-4968-9FAE-B06D6307B927}.Debug|Any CPU.ActiveCfg = Debug|Any CPU
		{3816CCA8-A698-4968-9FAE-B06D6307B927}.Debug|Any CPU.Build.0 = Debug|Any CPU
		{3816CCA8-A698-4968-9FAE-B06D6307B927}.Debug|x64.ActiveCfg = Debug|Any CPU
		{3816CCA8-A698-4968-9FAE-B06D6307B927}.Debug|x64.Build.0 = Debug|Any CPU
		{3816CCA8-A698-4968-9FAE-B06D6307B927}.Debug|x86.ActiveCfg = Debug|Any CPU
		{3816CCA8-A698-4968-9FAE-B06D6307B927}.Debug|x86.Build.0 = Debug|Any CPU
		{3816CCA8-A698-4968-9FAE-B06D6307B927}.Release|Any CPU.ActiveCfg = Release|Any CPU
		{3816CCA8-A698-4968-9FAE-B06D6307B927}.Release|Any CPU.Build.0 = Release|Any CPU
		{3816CCA8-A698-4968-9FAE-B06D6307B927}.Release|x64.ActiveCfg = Release|Any CPU
		{3816CCA8-A698-4968-9FAE-B06D6307B927}.Release|x64.Build.0 = Release|Any CPU
		{3816CCA8-A698-4968-9FAE-B06D6307B927}.Release|x86.ActiveCfg = Release|Any CPU
		{3816CCA8-A698-4968-9FAE-B06D6307B927}.Release|x86.Build.0 = Release|Any CPU
		{01A86F48-0074-4245-BF84-9B53BC35EDE9}.Debug|Any CPU.ActiveCfg = Debug|Any CPU
		{01A86F48-0074-4245-BF84-9B53BC35EDE9}.Debug|Any CPU.Build.0 = Debug|Any CPU
		{01A86F48-0074-4245-BF84-9B53BC35EDE9}.Debug|x64.ActiveCfg = Debug|Any CPU
		{01A86F48-0074-4245-BF84-9B53BC35EDE9}.Debug|x64.Build.0 = Debug|Any CPU
		{01A86F48-0074-4245-BF84-9B53BC35EDE9}.Debug|x86.ActiveCfg = Debug|Any CPU
		{01A86F48-0074-4245-BF84-9B53BC35EDE9}.Debug|x86.Build.0 = Debug|Any CPU
		{01A86F48-0074-4245-BF84-9B53BC35EDE9}.Release|Any CPU.ActiveCfg = Release|Any CPU
		{01A86F48-0074-4245-BF84-9B53BC35EDE9}.Release|Any CPU.Build.0 = Release|Any CPU
		{01A86F48-0074-4245-BF84-9B53BC35EDE9}.Release|x64.ActiveCfg = Release|Any CPU
		{01A86F48-0074-4245-BF84-9B53BC35EDE9}.Release|x64.Build.0 = Release|Any CPU
		{01A86F48-0074-4245-BF84-9B53BC35EDE9}.Release|x86.ActiveCfg = Release|Any CPU
		{01A86F48-0074-4245-BF84-9B53BC35EDE9}.Release|x86.Build.0 = Release|Any CPU
		{0757D5B2-2C78-4351-B97A-BCAEB03AACBD}.Debug|Any CPU.ActiveCfg = Debug|Any CPU
		{0757D5B2-2C78-4351-B97A-BCAEB03AACBD}.Debug|Any CPU.Build.0 = Debug|Any CPU
		{0757D5B2-2C78-4351-B97A-BCAEB03AACBD}.Debug|x64.ActiveCfg = Debug|Any CPU
		{0757D5B2-2C78-4351-B97A-BCAEB03AACBD}.Debug|x64.Build.0 = Debug|Any CPU
		{0757D5B2-2C78-4351-B97A-BCAEB03AACBD}.Debug|x86.ActiveCfg = Debug|Any CPU
		{0757D5B2-2C78-4351-B97A-BCAEB03AACBD}.Debug|x86.Build.0 = Debug|Any CPU
		{0757D5B2-2C78-4351-B97A-BCAEB03AACBD}.Release|Any CPU.ActiveCfg = Release|Any CPU
		{0757D5B2-2C78-4351-B97A-BCAEB03AACBD}.Release|Any CPU.Build.0 = Release|Any CPU
		{0757D5B2-2C78-4351-B97A-BCAEB03AACBD}.Release|x64.ActiveCfg = Release|Any CPU
		{0757D5B2-2C78-4351-B97A-BCAEB03AACBD}.Release|x64.Build.0 = Release|Any CPU
		{0757D5B2-2C78-4351-B97A-BCAEB03AACBD}.Release|x86.ActiveCfg = Release|Any CPU
		{0757D5B2-2C78-4351-B97A-BCAEB03AACBD}.Release|x86.Build.0 = Release|Any CPU
		{B0094488-48C2-492E-99E9-EE2B93118D12}.Debug|Any CPU.ActiveCfg = Debug|Any CPU
		{B0094488-48C2-492E-99E9-EE2B93118D12}.Debug|Any CPU.Build.0 = Debug|Any CPU
		{B0094488-48C2-492E-99E9-EE2B93118D12}.Debug|x64.ActiveCfg = Debug|Any CPU
		{B0094488-48C2-492E-99E9-EE2B93118D12}.Debug|x64.Build.0 = Debug|Any CPU
		{B0094488-48C2-492E-99E9-EE2B93118D12}.Debug|x86.ActiveCfg = Debug|Any CPU
		{B0094488-48C2-492E-99E9-EE2B93118D12}.Debug|x86.Build.0 = Debug|Any CPU
		{B0094488-48C2-492E-99E9-EE2B93118D12}.Release|Any CPU.ActiveCfg = Release|Any CPU
		{B0094488-48C2-492E-99E9-EE2B93118D12}.Release|Any CPU.Build.0 = Release|Any CPU
		{B0094488-48C2-492E-99E9-EE2B93118D12}.Release|x64.ActiveCfg = Release|Any CPU
		{B0094488-48C2-492E-99E9-EE2B93118D12}.Release|x64.Build.0 = Release|Any CPU
		{B0094488-48C2-492E-99E9-EE2B93118D12}.Release|x86.ActiveCfg = Release|Any CPU
		{B0094488-48C2-492E-99E9-EE2B93118D12}.Release|x86.Build.0 = Release|Any CPU
		{A53AF19D-0C47-480A-BD9B-E7FF0E81618A}.Debug|Any CPU.ActiveCfg = Debug|Any CPU
		{A53AF19D-0C47-480A-BD9B-E7FF0E81618A}.Debug|Any CPU.Build.0 = Debug|Any CPU
		{A53AF19D-0C47-480A-BD9B-E7FF0E81618A}.Debug|x64.ActiveCfg = Debug|Any CPU
		{A53AF19D-0C47-480A-BD9B-E7FF0E81618A}.Debug|x64.Build.0 = Debug|Any CPU
		{A53AF19D-0C47-480A-BD9B-E7FF0E81618A}.Debug|x86.ActiveCfg = Debug|Any CPU
		{A53AF19D-0C47-480A-BD9B-E7FF0E81618A}.Debug|x86.Build.0 = Debug|Any CPU
		{A53AF19D-0C47-480A-BD9B-E7FF0E81618A}.Release|Any CPU.ActiveCfg = Release|Any CPU
		{A53AF19D-0C47-480A-BD9B-E7FF0E81618A}.Release|Any CPU.Build.0 = Release|Any CPU
		{A53AF19D-0C47-480A-BD9B-E7FF0E81618A}.Release|x64.ActiveCfg = Release|Any CPU
		{A53AF19D-0C47-480A-BD9B-E7FF0E81618A}.Release|x64.Build.0 = Release|Any CPU
		{A53AF19D-0C47-480A-BD9B-E7FF0E81618A}.Release|x86.ActiveCfg = Release|Any CPU
		{A53AF19D-0C47-480A-BD9B-E7FF0E81618A}.Release|x86.Build.0 = Release|Any CPU
		{F74582B3-C71E-4BFD-8DC6-CCBA36A23D08}.Debug|Any CPU.ActiveCfg = Debug|Any CPU
		{F74582B3-C71E-4BFD-8DC6-CCBA36A23D08}.Debug|Any CPU.Build.0 = Debug|Any CPU
		{F74582B3-C71E-4BFD-8DC6-CCBA36A23D08}.Debug|x64.ActiveCfg = Debug|Any CPU
		{F74582B3-C71E-4BFD-8DC6-CCBA36A23D08}.Debug|x64.Build.0 = Debug|Any CPU
		{F74582B3-C71E-4BFD-8DC6-CCBA36A23D08}.Debug|x86.ActiveCfg = Debug|Any CPU
		{F74582B3-C71E-4BFD-8DC6-CCBA36A23D08}.Debug|x86.Build.0 = Debug|Any CPU
		{F74582B3-C71E-4BFD-8DC6-CCBA36A23D08}.Release|Any CPU.ActiveCfg = Release|Any CPU
		{F74582B3-C71E-4BFD-8DC6-CCBA36A23D08}.Release|Any CPU.Build.0 = Release|Any CPU
		{F74582B3-C71E-4BFD-8DC6-CCBA36A23D08}.Release|x64.ActiveCfg = Release|Any CPU
		{F74582B3-C71E-4BFD-8DC6-CCBA36A23D08}.Release|x64.Build.0 = Release|Any CPU
		{F74582B3-C71E-4BFD-8DC6-CCBA36A23D08}.Release|x86.ActiveCfg = Release|Any CPU
		{F74582B3-C71E-4BFD-8DC6-CCBA36A23D08}.Release|x86.Build.0 = Release|Any CPU
		{EAD7C957-1F8A-00DC-EF42-F6F88D16BF8E}.Debug|Any CPU.ActiveCfg = Debug|Any CPU
		{EAD7C957-1F8A-00DC-EF42-F6F88D16BF8E}.Debug|Any CPU.Build.0 = Debug|Any CPU
		{EAD7C957-1F8A-00DC-EF42-F6F88D16BF8E}.Debug|x64.ActiveCfg = Debug|Any CPU
		{EAD7C957-1F8A-00DC-EF42-F6F88D16BF8E}.Debug|x64.Build.0 = Debug|Any CPU
		{EAD7C957-1F8A-00DC-EF42-F6F88D16BF8E}.Debug|x86.ActiveCfg = Debug|Any CPU
		{EAD7C957-1F8A-00DC-EF42-F6F88D16BF8E}.Debug|x86.Build.0 = Debug|Any CPU
		{EAD7C957-1F8A-00DC-EF42-F6F88D16BF8E}.Release|Any CPU.ActiveCfg = Release|Any CPU
		{EAD7C957-1F8A-00DC-EF42-F6F88D16BF8E}.Release|Any CPU.Build.0 = Release|Any CPU
		{EAD7C957-1F8A-00DC-EF42-F6F88D16BF8E}.Release|x64.ActiveCfg = Release|Any CPU
		{EAD7C957-1F8A-00DC-EF42-F6F88D16BF8E}.Release|x64.Build.0 = Release|Any CPU
		{EAD7C957-1F8A-00DC-EF42-F6F88D16BF8E}.Release|x86.ActiveCfg = Release|Any CPU
		{EAD7C957-1F8A-00DC-EF42-F6F88D16BF8E}.Release|x86.Build.0 = Release|Any CPU
	EndGlobalSection
	GlobalSection(SolutionProperties) = preSolution
		HideSolutionNode = FALSE
	EndGlobalSection
	GlobalSection(NestedProjects) = preSolution
		{5F90B900-76FB-A70C-81EF-4C364BFCE85F} = {B4F8E023-E87A-44EE-860A-B296678E5FB8}
		{42602346-4E10-4A2D-8426-85D8E17929A3} = {3ED72485-8040-421C-826E-B521291D7C57}
		{C90C99F5-5EEE-F8A7-D52D-545E306B1203} = {3ED72485-8040-421C-826E-B521291D7C57}
		{76596AF4-1277-4E0F-BC75-B6F3CAEB6527} = {3ED72485-8040-421C-826E-B521291D7C57}
		{717BA9D1-AAB9-E5A9-4026-255EDEF6B24E} = {3ED72485-8040-421C-826E-B521291D7C57}
		{D0054CBF-7BB5-4BB7-BC83-3E8BBA533057} = {717BA9D1-AAB9-E5A9-4026-255EDEF6B24E}
		{DDFB8EDC-BC5C-45B2-905D-C175B0579B20} = {717BA9D1-AAB9-E5A9-4026-255EDEF6B24E}
		{3816CCA8-A698-4968-9FAE-B06D6307B927} = {717BA9D1-AAB9-E5A9-4026-255EDEF6B24E}
		{01A86F48-0074-4245-BF84-9B53BC35EDE9} = {717BA9D1-AAB9-E5A9-4026-255EDEF6B24E}
		{0757D5B2-2C78-4351-B97A-BCAEB03AACBD} = {717BA9D1-AAB9-E5A9-4026-255EDEF6B24E}
		{B0094488-48C2-492E-99E9-EE2B93118D12} = {717BA9D1-AAB9-E5A9-4026-255EDEF6B24E}
		{A53AF19D-0C47-480A-BD9B-E7FF0E81618A} = {717BA9D1-AAB9-E5A9-4026-255EDEF6B24E}
		{F74582B3-C71E-4BFD-8DC6-CCBA36A23D08} = {0AB3BF05-4346-4AA6-1389-037BE0695223}
		{EAD7C957-1F8A-00DC-EF42-F6F88D16BF8E} = {717BA9D1-AAB9-E5A9-4026-255EDEF6B24E}
	EndGlobalSection
	GlobalSection(ExtensibilityGlobals) = postSolution
		SolutionGuid = {F1A4B480-695E-4349-B573-A68B25CFB2AB}
	EndGlobalSection
EndGlobal
